NeoBundleLock neobundle.vim bb8cdbb5d7d9738df787a2d1f74bd9baeb762e2d
NeoBundleLock open-browser.vim 9aefebf2a6af73f2657754c18ef89e399ae573bf
NeoBundleLock previm 228bc8a843bb6f0b3123d757a26153f8a10cb002
NeoBundleLock tabular 60f25648814f0695eeb6c1040d97adca93c4e0bb
NeoBundleLock tern_for_vim 0c74dbb9d8985d6abdf50cdc0a08ef8c14484636
NeoBundleLock unite.vim bb2654fdcf79383216b1707c021351a05b630985
NeoBundleLock vim-markdown 42199ee8f56ce0befc776f4c6a34e6c68a1b0916
NeoBundleLock vim-nodejs-errorformat 1bacf395ec6aed6340481e7855f2e59f12552fdc
NeoBundleLock vimfiler.vim 3d8005116768ec97d300309be3cb339580e7e14b
NeoBundleLock vimproc 9269f3861a767733cc4d9fc44668e98fabcca7e9
NeoBundleLock vimshell bdcd197b701734a743903c7547e9f56842701614
